
Microsoft Visual Studio Solution File, Format Version 12.00
# Visual Studio Version 17
VisualStudioVersion = 17.13.35825.156 d17.13
MinimumVisualStudioVersion = 10.0.40219.1
Project("{FAE04EC0-301F-11D3-BF4B-00C04F79EFBC}") = "ProjetoIntegradorReal", "ProjetoIntegradorReal\ProjetoIntegradorReal.csproj", "{3544C701-36F1-4C40-9C18-850C2DF49885}"
EndProject
Global
	GlobalSection(SolutionConfigurationPlatforms) = preSolution
		Debug|Any CPU = Debug|Any CPU
		Release|Any CPU = Release|Any CPU
	EndGlobalSection
	GlobalSection(ProjectConfigurationPlatforms) = postSolution
		{3544C701-36F1-4C40-9C18-850C2DF49885}.Debug|Any CPU.ActiveCfg = Debug|Any CPU
		{3544C701-36F1-4C40-9C18-850C2DF49885}.Debug|Any CPU.Build.0 = Debug|Any CPU
		{3544C701-36F1-4C40-9C18-850C2DF49885}.Release|Any CPU.ActiveCfg = Release|Any CPU
		{3544C701-36F1-4C40-9C18-850C2DF49885}.Release|Any CPU.Build.0 = Release|Any CPU
	EndGlobalSection
	GlobalSection(SolutionProperties) = preSolution
		HideSolutionNode = FALSE
	EndGlobalSection
	GlobalSection(ExtensibilityGlobals) = postSolution
		SolutionGuid = {24B6FEF7-1A64-460A-85BE-71F481CD106D}
	EndGlobalSection
EndGlobal
